
Microsoft Visual Studio Solution File, Format Version 12.00
Project("{FAE04EC0-301F-11D3-BF4B-00C04F79EFBC}") = "MOS.WebApi", "MOS.WebApi\MOS.WebApi.csproj", "{8FC2541A-31DA-40FC-979C-9E2EA24BE5B4}"
EndProject
Project("{FAE04EC0-301F-11D3-BF4B-00C04F79EFBC}") = "MOS.Data.EF.Access", "MOS.Data.EF.Access\MOS.Data.EF.Access.csproj", "{8E15D822-74EF-4078-8079-C0AF5B5A5044}"
EndProject
Project("{2150E333-8FDC-42A3-9474-1A3956D46DE8}") = "Core", "Core", "{C270A103-DABE-4015-9197-227095A91BAD}"
EndProject
Project("{2150E333-8FDC-42A3-9474-1A3956D46DE8}") = "Presentation", "Presentation", "{F3578882-9198-46EE-BEB1-0D0600C415E5}"
EndProject
Project("{2150E333-8FDC-42A3-9474-1A3956D46DE8}") = "Infrastructure", "Infrastructure", "{B0310337-A29E-4498-8FAD-732EF27FF711}"
EndProject
Project("{FAE04EC0-301F-11D3-BF4B-00C04F79EFBC}") = "MOS.Application", "MOS.Application\MOS.Application.csproj", "{182261C7-7B3B-43C4-8670-B0EF17E3CF18}"
EndProject
Project("{FAE04EC0-301F-11D3-BF4B-00C04F79EFBC}") = "MOS.Domain", "MOS.Domain\MOS.Domain.csproj", "{EF1A26EC-E5BC-4F38-BAD0-0B905516E76E}"
EndProject
Global
	GlobalSection(SolutionConfigurationPlatforms) = preSolution
		Debug|Any CPU = Debug|Any CPU
		Release|Any CPU = Release|Any CPU
	EndGlobalSection
	GlobalSection(ProjectConfigurationPlatforms) = postSolution
		{8FC2541A-31DA-40FC-979C-9E2EA24BE5B4}.Debug|Any CPU.ActiveCfg = Debug|Any CPU
		{8FC2541A-31DA-40FC-979C-9E2EA24BE5B4}.Debug|Any CPU.Build.0 = Debug|Any CPU
		{8FC2541A-31DA-40FC-979C-9E2EA24BE5B4}.Release|Any CPU.ActiveCfg = Release|Any CPU
		{8FC2541A-31DA-40FC-979C-9E2EA24BE5B4}.Release|Any CPU.Build.0 = Release|Any CPU
		{8E15D822-74EF-4078-8079-C0AF5B5A5044}.Debug|Any CPU.ActiveCfg = Debug|Any CPU
		{8E15D822-74EF-4078-8079-C0AF5B5A5044}.Debug|Any CPU.Build.0 = Debug|Any CPU
		{8E15D822-74EF-4078-8079-C0AF5B5A5044}.Release|Any CPU.ActiveCfg = Release|Any CPU
		{8E15D822-74EF-4078-8079-C0AF5B5A5044}.Release|Any CPU.Build.0 = Release|Any CPU
		{182261C7-7B3B-43C4-8670-B0EF17E3CF18}.Debug|Any CPU.ActiveCfg = Debug|Any CPU
		{182261C7-7B3B-43C4-8670-B0EF17E3CF18}.Debug|Any CPU.Build.0 = Debug|Any CPU
		{182261C7-7B3B-43C4-8670-B0EF17E3CF18}.Release|Any CPU.ActiveCfg = Release|Any CPU
		{182261C7-7B3B-43C4-8670-B0EF17E3CF18}.Release|Any CPU.Build.0 = Release|Any CPU
		{EF1A26EC-E5BC-4F38-BAD0-0B905516E76E}.Debug|Any CPU.ActiveCfg = Debug|Any CPU
		{EF1A26EC-E5BC-4F38-BAD0-0B905516E76E}.Debug|Any CPU.Build.0 = Debug|Any CPU
		{EF1A26EC-E5BC-4F38-BAD0-0B905516E76E}.Release|Any CPU.ActiveCfg = Release|Any CPU
		{EF1A26EC-E5BC-4F38-BAD0-0B905516E76E}.Release|Any CPU.Build.0 = Release|Any CPU
	EndGlobalSection
	GlobalSection(NestedProjects) = preSolution
		{8FC2541A-31DA-40FC-979C-9E2EA24BE5B4} = {F3578882-9198-46EE-BEB1-0D0600C415E5}
		{8E15D822-74EF-4078-8079-C0AF5B5A5044} = {B0310337-A29E-4498-8FAD-732EF27FF711}
		{182261C7-7B3B-43C4-8670-B0EF17E3CF18} = {C270A103-DABE-4015-9197-227095A91BAD}
		{EF1A26EC-E5BC-4F38-BAD0-0B905516E76E} = {C270A103-DABE-4015-9197-227095A91BAD}
	EndGlobalSection
EndGlobal
